<?xml version="1.0" encoding="utf-8"?>
<Project ToolsVersion="4.0" xmlns="http://schemas.microsoft.com/developer/msbuild/2003">
  <ItemGroup>
    <Filter Include="Source Files">
      <UniqueIdentifier>{4FC737F1-C7A5-4376-A066-2A32D752A2FF}</UniqueIdentifier>
      <Extensions>cpp;c;cc;cxx;c++;cppm;ixx;def;odl;idl;hpj;bat;asm;asmx</Extensions>
    </Filter>
    <Filter Include="Header Files">
      <UniqueIdentifier>{93995380-89BD-4b04-88EB-625FBE52EBFB}</UniqueIdentifier>
      <Extensions>h;hh;hpp;hxx;h++;hm;inl;inc;ipp;xsd</Extensions>
    </Filter>
    <Filter Include="Resource Files">
      <UniqueIdentifier>{67DA6AB6-F800-4c08-8B7A-83BB121AAD01}</UniqueIdentifier>
      <Extensions>rc;ico;cur;bmp;dlg;rc2;rct;bin;rgs;gif;jpg;jpeg;jpe;resx;tiff;tif;png;wav;mfcribbon-ms</Extensions>
    </Filter>
    <Filter Include="States">
      <UniqueIdentifier>{46f7c75f-e33c-42e2-b644-6557e0790286}</UniqueIdentifier>
    </Filter>
    <Filter Include="Entity">
      <UniqueIdentifier>{acbe2b88-e9ba-4eeb-b34a-3a58a6541ae6}</UniqueIdentifier>
    </Filter>
    <Filter Include="GUI">
      <UniqueIdentifier>{f597a6c0-f67d-478e-87c7-eae6d4fe1140}</UniqueIdentifier>
    </Filter>
    <Filter Include="Map">
      <UniqueIdentifier>{e2f9fdb7-99ad-4cd5-a603-c6ea80bcd4cc}</UniqueIdentifier>
    </Filter>
    <Filter Include="PlayerAssets">
      <UniqueIdentifier>{056ba991-978b-4fb0-bbb5-d96f055867e2}</UniqueIdentifier>
    </Filter>
    <Filter Include="EnemyAssets">
      <UniqueIdentifier>{47d8a5e3-29eb-498c-aa6d-4448948a799a}</UniqueIdentifier>
    </Filter>
    <Filter Include="States\edit modes">
      <UniqueIdentifier>{33685cd7-f5e7-40df-90fd-f831eb080010}</UniqueIdentifier>
    </Filter>
  </ItemGroup>
  <ItemGroup>
    <ClCompile Include="Metroid Rogue.cpp">
      <Filter>Source Files</Filter>
    </ClCompile>
    <ClCompile Include="Game.cpp">
      <Filter>Source Files</Filter>
    </ClCompile>
    <ClCompile Include="GameState.cpp">
      <Filter>States</Filter>
    </ClCompile>
    <ClCompile Include="State.cpp">
      <Filter>States</Filter>
    </ClCompile>
    <ClCompile Include="Entity.cpp">
      <Filter>Entity</Filter>
    </ClCompile>
    <ClCompile Include="MainMenuState.cpp">
      <Filter>States</Filter>
    </ClCompile>
    <ClCompile Include="EditorState.cpp">
      <Filter>States</Filter>
    </ClCompile>
    <ClCompile Include="PauseMenu.cpp">
      <Filter>GUI</Filter>
    </ClCompile>
    <ClCompile Include="Tile.cpp">
      <Filter>Map</Filter>
    </ClCompile>
    <ClCompile Include="TileMap.cpp">
      <Filter>Map</Filter>
    </ClCompile>
    <ClCompile Include="stdafx.cpp">
      <Filter>Resource Files</Filter>
    </ClCompile>
    <ClCompile Include="Level.cpp">
      <Filter>Map</Filter>
    </ClCompile>
    <ClCompile Include="Gui.cpp">
      <Filter>GUI</Filter>
    </ClCompile>
    <ClCompile Include="Hitbox.cpp">
      <Filter>Entity</Filter>
    </ClCompile>
    <ClCompile Include="Skills.cpp">
      <Filter>Entity</Filter>
    </ClCompile>
    <ClCompile Include="Player.cpp">
      <Filter>PlayerAssets</Filter>
    </ClCompile>
    <ClCompile Include="Weapon.cpp">
      <Filter>PlayerAssets</Filter>
    </ClCompile>
    <ClCompile Include="PlayerGUI.cpp">
      <Filter>PlayerAssets</Filter>
    </ClCompile>
    <ClCompile Include="Enemy.cpp">
      <Filter>EnemyAssets</Filter>
    </ClCompile>
    <ClCompile Include="AnimationComponent.cpp">
      <Filter>EnemyAssets</Filter>
    </ClCompile>
    <ClCompile Include="MovementComponent.cpp">
      <Filter>EnemyAssets</Filter>
    </ClCompile>
    <ClCompile Include="Spawner.cpp">
      <Filter>Map</Filter>
    </ClCompile>
    <ClCompile Include="EditorMode.cpp">
      <Filter>States\edit modes</Filter>
    </ClCompile>
    <ClCompile Include="DefaultEditorMode.cpp">
      <Filter>States\edit modes</Filter>
    </ClCompile>
    <ClCompile Include="EnemyEditorMode.cpp">
      <Filter>States\edit modes</Filter>
    </ClCompile>
    <ClCompile Include="Rat.cpp">
      <Filter>EnemyAssets</Filter>
    </ClCompile>
    <ClCompile Include="RegularTile.cpp">
      <Filter>Map</Filter>
    </ClCompile>
  </ItemGroup>
  <ItemGroup>
    <ClInclude Include="Game.h">
      <Filter>Header Files</Filter>
    </ClInclude>
    <ClInclude Include="GameState.h">
      <Filter>States</Filter>
    </ClInclude>
    <ClInclude Include="State.h">
      <Filter>States</Filter>
    </ClInclude>
    <ClInclude Include="Entity.h">
      <Filter>Entity</Filter>
    </ClInclude>
    <ClInclude Include="MainMenuState.h">
      <Filter>States</Filter>
    </ClInclude>
    <ClInclude Include="EditorState.h">
      <Filter>States</Filter>
    </ClInclude>
    <ClInclude Include="PauseMenu.h">
      <Filter>GUI</Filter>
    </ClInclude>
    <ClInclude Include="Tile.h">
      <Filter>Map</Filter>
    </ClInclude>
    <ClInclude Include="TileMap.h">
      <Filter>Map</Filter>
    </ClInclude>
    <ClInclude Include="stdafx.h">
      <Filter>Resource Files</Filter>
    </ClInclude>
    <ClInclude Include="Level.h">
      <Filter>Map</Filter>
    </ClInclude>
    <ClInclude Include="Gui.h">
      <Filter>GUI</Filter>
    </ClInclude>
    <ClInclude Include="Hitbox.h">
      <Filter>Entity</Filter>
    </ClInclude>
    <ClInclude Include="Skills.h">
      <Filter>Entity</Filter>
    </ClInclude>
    <ClInclude Include="Player.h">
      <Filter>PlayerAssets</Filter>
    </ClInclude>
    <ClInclude Include="Weapon.h">
      <Filter>PlayerAssets</Filter>
    </ClInclude>
    <ClInclude Include="PlayerGUI.h">
      <Filter>PlayerAssets</Filter>
    </ClInclude>
    <ClInclude Include="Enemy.h">
      <Filter>EnemyAssets</Filter>
    </ClInclude>
    <ClInclude Include="AnimationComponent.h">
      <Filter>EnemyAssets</Filter>
    </ClInclude>
    <ClInclude Include="MovementComponent.h">
      <Filter>EnemyAssets</Filter>
    </ClInclude>
    <ClInclude Include="Spawner.h">
      <Filter>Map</Filter>
    </ClInclude>
    <ClInclude Include="EditorMode.h">
      <Filter>States\edit modes</Filter>
    </ClInclude>
    <ClInclude Include="DefaultEditorMode.h">
      <Filter>States\edit modes</Filter>
    </ClInclude>
    <ClInclude Include="EnemyEditorMode.h">
      <Filter>States\edit modes</Filter>
    </ClInclude>
    <ClInclude Include="Rat.h">
      <Filter>EnemyAssets</Filter>
    </ClInclude>
    <ClInclude Include="RegularTile.h">
      <Filter>Map</Filter>
    </ClInclude>
  </ItemGroup>
</Project>